
Microsoft Visual Studio Solution File, Format Version 12.00
# Visual Studio Version 17
VisualStudioVersion = 17.11.35327.3
MinimumVisualStudioVersion = 10.0.40219.1
Project("{FAE04EC0-301F-11D3-BF4B-00C04F79EFBC}") = "Ödev3-2", "Ödev3-2\Ödev3-2.csproj", "{09B1EA91-B9D6-49B5-87EB-F87910A9B4B8}"
EndProject
Global
	GlobalSection(SolutionConfigurationPlatforms) = preSolution
		Debug|Any CPU = Debug|Any CPU
		Release|Any CPU = Release|Any CPU
	EndGlobalSection
	GlobalSection(ProjectConfigurationPlatforms) = postSolution
		{09B1EA91-B9D6-49B5-87EB-F87910A9B4B8}.Debug|Any CPU.ActiveCfg = Debug|Any CPU
		{09B1EA91-B9D6-49B5-87EB-F87910A9B4B8}.Debug|Any CPU.Build.0 = Debug|Any CPU
		{09B1EA91-B9D6-49B5-87EB-F87910A9B4B8}.Release|Any CPU.ActiveCfg = Release|Any CPU
		{09B1EA91-B9D6-49B5-87EB-F87910A9B4B8}.Release|Any CPU.Build.0 = Release|Any CPU
	EndGlobalSection
	GlobalSection(SolutionProperties) = preSolution
		HideSolutionNode = FALSE
	EndGlobalSection
	GlobalSection(ExtensibilityGlobals) = postSolution
		SolutionGuid = {738CF3A2-66CF-4166-967F-61AD83615C0B}
	EndGlobalSection
EndGlobal
